
Microsoft Visual Studio Solution File, Format Version 12.00
# Visual Studio Version 17
VisualStudioVersion = 17.14.36221.1 d17.14
MinimumVisualStudioVersion = 10.0.40219.1
Project("{FAE04EC0-301F-11D3-BF4B-00C04F79EFBC}") = "FinansAsistan.Api", "FinansAsistan.Api\FinansAsistan.Api.csproj", "{50F0D939-27A4-44BE-8A41-B269291A1D8B}"
EndProject
Project("{FAE04EC0-301F-11D3-BF4B-00C04F79EFBC}") = "FinansAsistan.Core", "FinansAsistan.Core\FinansAsistan.Core.csproj", "{77129B58-EF7A-4D17-8295-2FE0E02AC447}"
EndProject
Project("{FAE04EC0-301F-11D3-BF4B-00C04F79EFBC}") = "FinansAsistan.Infrastructure", "FinansAsistan.Infrastructure\FinansAsistan.Infrastructure.csproj", "{F6B07E5D-A00A-464B-BD82-D760C72A3279}"
EndProject
Global
	GlobalSection(SolutionConfigurationPlatforms) = preSolution
		Debug|Any CPU = Debug|Any CPU
		Release|Any CPU = Release|Any CPU
	EndGlobalSection
	GlobalSection(ProjectConfigurationPlatforms) = postSolution
		{50F0D939-27A4-44BE-8A41-B269291A1D8B}.Debug|Any CPU.ActiveCfg = Debug|Any CPU
		{50F0D939-27A4-44BE-8A41-B269291A1D8B}.Debug|Any CPU.Build.0 = Debug|Any CPU
		{50F0D939-27A4-44BE-8A41-B269291A1D8B}.Release|Any CPU.ActiveCfg = Release|Any CPU
		{50F0D939-27A4-44BE-8A41-B269291A1D8B}.Release|Any CPU.Build.0 = Release|Any CPU
		{77129B58-EF7A-4D17-8295-2FE0E02AC447}.Debug|Any CPU.ActiveCfg = Debug|Any CPU
		{77129B58-EF7A-4D17-8295-2FE0E02AC447}.Debug|Any CPU.Build.0 = Debug|Any CPU
		{77129B58-EF7A-4D17-8295-2FE0E02AC447}.Release|Any CPU.ActiveCfg = Release|Any CPU
		{77129B58-EF7A-4D17-8295-2FE0E02AC447}.Release|Any CPU.Build.0 = Release|Any CPU
		{F6B07E5D-A00A-464B-BD82-D760C72A3279}.Debug|Any CPU.ActiveCfg = Debug|Any CPU
		{F6B07E5D-A00A-464B-BD82-D760C72A3279}.Debug|Any CPU.Build.0 = Debug|Any CPU
		{F6B07E5D-A00A-464B-BD82-D760C72A3279}.Release|Any CPU.ActiveCfg = Release|Any CPU
		{F6B07E5D-A00A-464B-BD82-D760C72A3279}.Release|Any CPU.Build.0 = Release|Any CPU
	EndGlobalSection
	GlobalSection(SolutionProperties) = preSolution
		HideSolutionNode = FALSE
	EndGlobalSection
	GlobalSection(ExtensibilityGlobals) = postSolution
		SolutionGuid = {66237A09-4604-4514-8C36-DE84D8F16F76}
	EndGlobalSection
EndGlobal
